
Microsoft Visual Studio Solution File, Format Version 12.00
# Visual Studio Version 17
VisualStudioVersion = 17.2.32505.173
MinimumVisualStudioVersion = 10.0.40219.1
Project("{9A19103F-16F7-4668-BE54-9A1E7A4F7556}") = "FYPManagerTests", "FYPManagerTests\FYPManagerTests.csproj", "{2AB15370-AE91-4A0C-B3A2-F2539F3E99BE}"
EndProject
Project("{9A19103F-16F7-4668-BE54-9A1E7A4F7556}") = "FYPManager", "FYPManager\FYPManager.csproj", "{4DC2CEA8-BEC1-4EA0-9DCA-9F85A7A3DDBF}"
EndProject
Global
	GlobalSection(SolutionConfigurationPlatforms) = preSolution
		Debug|Any CPU = Debug|Any CPU
		Release|Any CPU = Release|Any CPU
	EndGlobalSection
	GlobalSection(ProjectConfigurationPlatforms) = postSolution
		{2AB15370-AE91-4A0C-B3A2-F2539F3E99BE}.Debug|Any CPU.ActiveCfg = Debug|Any CPU
		{2AB15370-AE91-4A0C-B3A2-F2539F3E99BE}.Debug|Any CPU.Build.0 = Debug|Any CPU
		{2AB15370-AE91-4A0C-B3A2-F2539F3E99BE}.Release|Any CPU.ActiveCfg = Release|Any CPU
		{2AB15370-AE91-4A0C-B3A2-F2539F3E99BE}.Release|Any CPU.Build.0 = Release|Any CPU
		{4DC2CEA8-BEC1-4EA0-9DCA-9F85A7A3DDBF}.Debug|Any CPU.ActiveCfg = Debug|Any CPU
		{4DC2CEA8-BEC1-4EA0-9DCA-9F85A7A3DDBF}.Debug|Any CPU.Build.0 = Debug|Any CPU
		{4DC2CEA8-BEC1-4EA0-9DCA-9F85A7A3DDBF}.Release|Any CPU.ActiveCfg = Release|Any CPU
		{4DC2CEA8-BEC1-4EA0-9DCA-9F85A7A3DDBF}.Release|Any CPU.Build.0 = Release|Any CPU
	EndGlobalSection
	GlobalSection(SolutionProperties) = preSolution
		HideSolutionNode = FALSE
	EndGlobalSection
	GlobalSection(ExtensibilityGlobals) = postSolution
		SolutionGuid = {0C244CA8-FB94-4002-81C0-2AC69376A833}
	EndGlobalSection
EndGlobal
